// !$*UTF8*$!
{
	archiveVersion = 1;
	classes = {
	};
	objectVersion = 46;
	objects = {

/* Begin PBXBuildFile section */
		F5A3B6CE1B265A2700ED26F9 /* AppDelegate.swift in Sources */ = {isa = PBXBuildFile; fileRef = F5A3B6CD1B265A2700ED26F9 /* AppDelegate.swift */; };
		F5A3B6D31B265A2700ED26F9 /* Main.storyboard in Resources */ = {isa = PBXBuildFile; fileRef = F5A3B6D11B265A2700ED26F9 /* Main.storyboard */; };
		F5A3B6D51B265A2700ED26F9 /* Images.xcassets in Resources */ = {isa = PBXBuildFile; fileRef = F5A3B6D41B265A2700ED26F9 /* Images.xcassets */; };
		F5A3B6D81B265A2700ED26F9 /* LaunchScreen.xib in Resources */ = {isa = PBXBuildFile; fileRef = F5A3B6D61B265A2700ED26F9 /* LaunchScreen.xib */; };
		F5A3B6E41B265A2700ED26F9 /* TagsTests.swift in Sources */ = {isa = PBXBuildFile; fileRef = F5A3B6E31B265A2700ED26F9 /* TagsTests.swift */; };
		F5A3B71C1B26633C00ED26F9 /* TweetTableViewController.swift in Sources */ = {isa = PBXBuildFile; fileRef = F5A3B71B1B26633C00ED26F9 /* TweetTableViewController.swift */; };
		F5A3B7221B26647200ED26F9 /* MediaItem.swift in Sources */ = {isa = PBXBuildFile; fileRef = F5A3B71E1B26647200ED26F9 /* MediaItem.swift */; };
		F5A3B7231B26647200ED26F9 /* Tweet.swift in Sources */ = {isa = PBXBuildFile; fileRef = F5A3B71F1B26647200ED26F9 /* Tweet.swift */; };
		F5A3B7241B26647200ED26F9 /* TwitterRequest.swift in Sources */ = {isa = PBXBuildFile; fileRef = F5A3B7201B26647200ED26F9 /* TwitterRequest.swift */; };
		F5A3B7251B26647200ED26F9 /* User.swift in Sources */ = {isa = PBXBuildFile; fileRef = F5A3B7211B26647200ED26F9 /* User.swift */; };
		F5A3B7271B266C8900ED26F9 /* TweetTableViewCell.swift in Sources */ = {isa = PBXBuildFile; fileRef = F5A3B7261B266C8900ED26F9 /* TweetTableViewCell.swift */; };
/* End PBXBuildFile section */

/* Begin PBXContainerItemProxy section */
		F5A3B6DE1B265A2700ED26F9 /* PBXContainerItemProxy */ = {
			isa = PBXContainerItemProxy;
			containerPortal = F5A3B6C01B265A2700ED26F9 /* Project object */;
			proxyType = 1;
			remoteGlobalIDString = F5A3B6C71B265A2700ED26F9;
			remoteInfo = Tags;
		};
/* End PBXContainerItemProxy section */

/* Begin PBXFileReference section */
		F5A3B6C81B265A2700ED26F9 /* Tags.app */ = {isa = PBXFileReference; explicitFileType = wrapper.application; includeInIndex = 0; path = Tags.app; sourceTree = BUILT_PRODUCTS_DIR; };
		F5A3B6CC1B265A2700ED26F9 /* Info.plist */ = {isa = PBXFileReference; lastKnownFileType = text.plist.xml; path = Info.plist; sourceTree = "<group>"; };
		F5A3B6CD1B265A2700ED26F9 /* AppDelegate.swift */ = {isa = PBXFileReference; lastKnownFileType = sourcecode.swift; path = AppDelegate.swift; sourceTree = "<group>"; };
		F5A3B6D21B265A2700ED26F9 /* Base */ = {isa = PBXFileReference; lastKnownFileType = file.storyboard; name = Base; path = Base.lproj/Main.storyboard; sourceTree = "<group>"; };
		F5A3B6D41B265A2700ED26F9 /* Images.xcassets */ = {isa = PBXFileReference; lastKnownFileType = folder.assetcatalog; path = Images.xcassets; sourceTree = "<group>"; };
		F5A3B6D71B265A2700ED26F9 /* Base */ = {isa = PBXFileReference; lastKnownFileType = file.xib; name = Base; path = Base.lproj/LaunchScreen.xib; sourceTree = "<group>"; };
		F5A3B6DD1B265A2700ED26F9 /* TagsTests.xctest */ = {isa = PBXFileReference; explicitFileType = wrapper.cfbundle; includeInIndex = 0; path = TagsTests.xctest; sourceTree = BUILT_PRODUCTS_DIR; };
		F5A3B6E21B265A2700ED26F9 /* Info.plist */ = {isa = PBXFileReference; lastKnownFileType = text.plist.xml; path = Info.plist; sourceTree = "<group>"; };
		F5A3B6E31B265A2700ED26F9 /* TagsTests.swift */ = {isa = PBXFileReference; lastKnownFileType = sourcecode.swift; path = TagsTests.swift; sourceTree = "<group>"; };
		F5A3B71B1B26633C00ED26F9 /* TweetTableViewController.swift */ = {isa = PBXFileReference; fileEncoding = 4; lastKnownFileType = sourcecode.swift; path = TweetTableViewController.swift; sourceTree = "<group>"; };
		F5A3B71E1B26647200ED26F9 /* MediaItem.swift */ = {isa = PBXFileReference; fileEncoding = 4; lastKnownFileType = sourcecode.swift; path = MediaItem.swift; sourceTree = "<group>"; };
		F5A3B71F1B26647200ED26F9 /* Tweet.swift */ = {isa = PBXFileReference; fileEncoding = 4; lastKnownFileType = sourcecode.swift; path = Tweet.swift; sourceTree = "<group>"; };
		F5A3B7201B26647200ED26F9 /* TwitterRequest.swift */ = {isa = PBXFileReference; fileEncoding = 4; lastKnownFileType = sourcecode.swift; path = TwitterRequest.swift; sourceTree = "<group>"; };
		F5A3B7211B26647200ED26F9 /* User.swift */ = {isa = PBXFileReference; fileEncoding = 4; lastKnownFileType = sourcecode.swift; path = User.swift; sourceTree = "<group>"; };
		F5A3B7261B266C8900ED26F9 /* TweetTableViewCell.swift */ = {isa = PBXFileReference; fileEncoding = 4; lastKnownFileType = sourcecode.swift; path = TweetTableViewCell.swift; sourceTree = "<group>"; };
/* End PBXFileReference section */

/* Begin PBXFrameworksBuildPhase section */
		F5A3B6C51B265A2700ED26F9 /* Frameworks */ = {
			isa = PBXFrameworksBuildPhase;
			buildActionMask = 2147483647;
			files = (
			);
			runOnlyForDeploymentPostprocessing = 0;
		};
		F5A3B6DA1B265A2700ED26F9 /* Frameworks */ = {
			isa = PBXFrameworksBuildPhase;
			buildActionMask = 2147483647;
			files = (
			);
			runOnlyForDeploymentPostprocessing = 0;
		};
/* End PBXFrameworksBuildPhase section */

/* Begin PBXGroup section */
		F5A3B6BF1B265A2700ED26F9 = {
			isa = PBXGroup;
			children = (
				F5A3B6CA1B265A2700ED26F9 /* Tags */,
				F5A3B6E01B265A2700ED26F9 /* TagsTests */,
				F5A3B6C91B265A2700ED26F9 /* Products */,
			);
			sourceTree = "<group>";
		};
		F5A3B6C91B265A2700ED26F9 /* Products */ = {
			isa = PBXGroup;
			children = (
				F5A3B6C81B265A2700ED26F9 /* Tags.app */,
				F5A3B6DD1B265A2700ED26F9 /* TagsTests.xctest */,
			);
			name = Products;
			sourceTree = "<group>";
		};
		F5A3B6CA1B265A2700ED26F9 /* Tags */ = {
			isa = PBXGroup;
			children = (
				F5A3B6CD1B265A2700ED26F9 /* AppDelegate.swift */,
				F5A3B6D11B265A2700ED26F9 /* Main.storyboard */,
				F5A3B71B1B26633C00ED26F9 /* TweetTableViewController.swift */,
				F5A3B7261B266C8900ED26F9 /* TweetTableViewCell.swift */,
				F5A3B6D41B265A2700ED26F9 /* Images.xcassets */,
				F5A3B6D61B265A2700ED26F9 /* LaunchScreen.xib */,
				F5A3B71D1B26647200ED26F9 /* Twitter */,
				F5A3B6CB1B265A2700ED26F9 /* Supporting Files */,
			);
			path = Tags;
			sourceTree = "<group>";
		};
		F5A3B6CB1B265A2700ED26F9 /* Supporting Files */ = {
			isa = PBXGroup;
			children = (
				F5A3B6CC1B265A2700ED26F9 /* Info.plist */,
			);
			name = "Supporting Files";
			sourceTree = "<group>";
		};
		F5A3B6E01B265A2700ED26F9 /* TagsTests */ = {
			isa = PBXGroup;
			children = (
				F5A3B6E31B265A2700ED26F9 /* TagsTests.swift */,
				F5A3B6E11B265A2700ED26F9 /* Supporting Files */,
			);
			path = TagsTests;
			sourceTree = "<group>";
		};
		F5A3B6E11B265A2700ED26F9 /* Supporting Files */ = {
			isa = PBXGroup;
			children = (
				F5A3B6E21B265A2700ED26F9 /* Info.plist */,
			);
			name = "Supporting Files";
			sourceTree = "<group>";
		};
		F5A3B71D1B26647200ED26F9 /* Twitter */ = {
			isa = PBXGroup;
			children = (
				F5A3B71E1B26647200ED26F9 /* MediaItem.swift */,
				F5A3B71F1B26647200ED26F9 /* Tweet.swift */,
				F5A3B7201B26647200ED26F9 /* TwitterRequest.swift */,
				F5A3B7211B26647200ED26F9 /* User.swift */,
			);
			path = Twitter;
			sourceTree = "<group>";
		};
/* End PBXGroup section */

/* Begin PBXNativeTarget section */
		F5A3B6C71B265A2700ED26F9 /* Tags */ = {
			isa = PBXNativeTarget;
			buildConfigurationList = F5A3B6E71B265A2700ED26F9 /* Build configuration list for PBXNativeTarget "Tags" */;
			buildPhases = (
				F5A3B6C41B265A2700ED26F9 /* Sources */,
				F5A3B6C51B265A2700ED26F9 /* Frameworks */,
				F5A3B6C61B265A2700ED26F9 /* Resources */,
			);
			buildRules = (
			);
			dependencies = (
			);
			name = Tags;
			productName = Tags;
			productReference = F5A3B6C81B265A2700ED26F9 /* Tags.app */;
			productType = "com.apple.product-type.application";
		};
		F5A3B6DC1B265A2700ED26F9 /* TagsTests */ = {
			isa = PBXNativeTarget;
			buildConfigurationList = F5A3B6EA1B265A2700ED26F9 /* Build configuration list for PBXNativeTarget "TagsTests" */;
			buildPhases = (
				F5A3B6D91B265A2700ED26F9 /* Sources */,
				F5A3B6DA1B265A2700ED26F9 /* Frameworks */,
				F5A3B6DB1B265A2700ED26F9 /* Resources */,
			);
			buildRules = (
			);
			dependencies = (
				F5A3B6DF1B265A2700ED26F9 /* PBXTargetDependency */,
			);
			name = TagsTests;
			productName = TagsTests;
			productReference = F5A3B6DD1B265A2700ED26F9 /* TagsTests.xctest */;
			productType = "com.apple.product-type.bundle.unit-test";
		};
/* End PBXNativeTarget section */

/* Begin PBXProject section */
		F5A3B6C01B265A2700ED26F9 /* Project object */ = {
			isa = PBXProject;
			attributes = {
				LastUpgradeCheck = 0630;
				ORGANIZATIONNAME = "Developer Inspirus";
				TargetAttributes = {
					F5A3B6C71B265A2700ED26F9 = {
						CreatedOnToolsVersion = 6.3.2;
					};
					F5A3B6DC1B265A2700ED26F9 = {
						CreatedOnToolsVersion = 6.3.2;
						TestTargetID = F5A3B6C71B265A2700ED26F9;
					};
				};
			};
			buildConfigurationList = F5A3B6C31B265A2700ED26F9 /* Build configuration list for PBXProject "Tags" */;
			compatibilityVersion = "Xcode 3.2";
			developmentRegion = English;
			hasScannedForEncodings = 0;
			knownRegions = (
				en,
				Base,
			);
			mainGroup = F5A3B6BF1B265A2700ED26F9;
			productRefGroup = F5A3B6C91B265A2700ED26F9 /* Products */;
			projectDirPath = "";
			projectRoot = "";
			targets = (
				F5A3B6C71B265A2700ED26F9 /* Tags */,
				F5A3B6DC1B265A2700ED26F9 /* TagsTests */,
			);
		};
/* End PBXProject section */

/* Begin PBXResourcesBuildPhase section */
		F5A3B6C61B265A2700ED26F9 /* Resources */ = {
			isa = PBXResourcesBuildPhase;
			buildActionMask = 2147483647;
			files = (
				F5A3B6D31B265A2700ED26F9 /* Main.storyboard in Resources */,
				F5A3B6D81B265A2700ED26F9 /* LaunchScreen.xib in Resources */,
				F5A3B6D51B265A2700ED26F9 /* Images.xcassets in Resources */,
			);
			runOnlyForDeploymentPostprocessing = 0;
		};
		F5A3B6DB1B265A2700ED26F9 /* Resources */ = {
			isa = PBXResourcesBuildPhase;
			buildActionMask = 2147483647;
			files = (
			);
			runOnlyForDeploymentPostprocessing = 0;
		};
/* End PBXResourcesBuildPhase section */

/* Begin PBXSourcesBuildPhase section */
		F5A3B6C41B265A2700ED26F9 /* Sources */ = {
			isa = PBXSourcesBuildPhase;
			buildActionMask = 2147483647;
			files = (
				F5A3B71C1B26633C00ED26F9 /* TweetTableViewController.swift in Sources */,
				F5A3B7241B26647200ED26F9 /* TwitterRequest.swift in Sources */,
				F5A3B7251B26647200ED26F9 /* User.swift in Sources */,
				F5A3B6CE1B265A2700ED26F9 /* AppDelegate.swift in Sources */,
				F5A3B7221B26647200ED26F9 /* MediaItem.swift in Sources */,
				F5A3B7231B26647200ED26F9 /* Tweet.swift in Sources */,
				F5A3B7271B266C8900ED26F9 /* TweetTableViewCell.swift in Sources */,
			);
			runOnlyForDeploymentPostprocessing = 0;
		};
		F5A3B6D91B265A2700ED26F9 /* Sources */ = {
			isa = PBXSourcesBuildPhase;
			buildActionMask = 2147483647;
			files = (
				F5A3B6E41B265A2700ED26F9 /* TagsTests.swift in Sources */,
			);
			runOnlyForDeploymentPostprocessing = 0;
		};
/* End PBXSourcesBuildPhase section */

/* Begin PBXTargetDependency section */
		F5A3B6DF1B265A2700ED26F9 /* PBXTargetDependency */ = {
			isa = PBXTargetDependency;
			target = F5A3B6C71B265A2700ED26F9 /* Tags */;
			targetProxy = F5A3B6DE1B265A2700ED26F9 /* PBXContainerItemProxy */;
		};
/* End PBXTargetDependency section */

/* Begin PBXVariantGroup section */
		F5A3B6D11B265A2700ED26F9 /* Main.storyboard */ = {
			isa = PBXVariantGroup;
			children = (
				F5A3B6D21B265A2700ED26F9 /* Base */,
			);
			name = Main.storyboard;
			sourceTree = "<group>";
		};
		F5A3B6D61B265A2700ED26F9 /* LaunchScreen.xib */ = {
			isa = PBXVariantGroup;
			children = (
				F5A3B6D71B265A2700ED26F9 /* Base */,
			);
			name = LaunchScreen.xib;
			sourceTree = "<group>";
		};
/* End PBXVariantGroup section */

/* Begin XCBuildConfiguration section */
		F5A3B6E51B265A2700ED26F9 /* Debug */ = {
			isa = XCBuildConfiguration;
			buildSettings = {
				ALWAYS_SEARCH_USER_PATHS = NO;
				CLANG_CXX_LANGUAGE_STANDARD = "gnu++0x";
				CLANG_CXX_LIBRARY = "libc++";
				CLANG_ENABLE_MODULES = YES;
				CLANG_ENABLE_OBJC_ARC = YES;
				CLANG_WARN_BOOL_CONVERSION = YES;
				CLANG_WARN_CONSTANT_CONVERSION = YES;
				CLANG_WARN_DIRECT_OBJC_ISA_USAGE = YES_ERROR;
				CLANG_WARN_EMPTY_BODY = YES;
				CLANG_WARN_ENUM_CONVERSION = YES;
				CLANG_WARN_INT_CONVERSION = YES;
				CLANG_WARN_OBJC_ROOT_CLASS = YES_ERROR;
				CLANG_WARN_UNREACHABLE_CODE = YES;
				CLANG_WARN__DUPLICATE_METHOD_MATCH = YES;
				"CODE_SIGN_IDENTITY[sdk=iphoneos*]" = "iPhone Developer";
				COPY_PHASE_STRIP = NO;
				DEBUG_INFORMATION_FORMAT = "dwarf-with-dsym";
				ENABLE_STRICT_OBJC_MSGSEND = YES;
				GCC_C_LANGUAGE_STANDARD = gnu99;
				GCC_DYNAMIC_NO_PIC = NO;
				GCC_NO_COMMON_BLOCKS = YES;
				GCC_OPTIMIZATION_LEVEL = 0;
				GCC_PREPROCESSOR_DEFINITIONS = (
					"DEBUG=1",
					"$(inherited)",
				);
				GCC_SYMBOLS_PRIVATE_EXTERN = NO;
				GCC_WARN_64_TO_32_BIT_CONVERSION = YES;
				GCC_WARN_ABOUT_RETURN_TYPE = YES_ERROR;
				GCC_WARN_UNDECLARED_SELECTOR = YES;
				GCC_WARN_UNINITIALIZED_AUTOS = YES_AGGRESSIVE;
				GCC_WARN_UNUSED_FUNCTION = YES;
				GCC_WARN_UNUSED_VARIABLE = YES;
				IPHONEOS_DEPLOYMENT_TARGET = 8.3;
				MTL_ENABLE_DEBUG_INFO = YES;
				ONLY_ACTIVE_ARCH = YES;
				SDKROOT = iphoneos;
				SWIFT_OPTIMIZATION_LEVEL = "-Onone";
			};
			name = Debug;
		};
		F5A3B6E61B265A2700ED26F9 /* Release */ = {
			isa = XCBuildConfiguration;
			buildSettings = {
				ALWAYS_SEARCH_USER_PATHS = NO;
				CLANG_CXX_LANGUAGE_STANDARD = "gnu++0x";
				CLANG_CXX_LIBRARY = "libc++";
				CLANG_ENABLE_MODULES = YES;
				CLANG_ENABLE_OBJC_ARC = YES;
				CLANG_WARN_BOOL_CONVERSION = YES;
				CLANG_WARN_CONSTANT_CONVERSION = YES;
				CLANG_WARN_DIRECT_OBJC_ISA_USAGE = YES_ERROR;
				CLANG_WARN_EMPTY_BODY = YES;
				CLANG_WARN_ENUM_CONVERSION = YES;
				CLANG_WARN_INT_CONVERSION = YES;
				CLANG_WARN_OBJC_ROOT_CLASS = YES_ERROR;
				CLANG_WARN_UNREACHABLE_CODE = YES;
				CLANG_WARN__DUPLICATE_METHOD_MATCH = YES;
				"CODE_SIGN_IDENTITY[sdk=iphoneos*]" = "iPhone Developer";
				COPY_PHASE_STRIP = NO;
				DEBUG_INFORMATION_FORMAT = "dwarf-with-dsym";
				ENABLE_NS_ASSERTIONS = NO;
				ENABLE_STRICT_OBJC_MSGSEND = YES;
				GCC_C_LANGUAGE_STANDARD = gnu99;
				GCC_NO_COMMON_BLOCKS = YES;
				GCC_WARN_64_TO_32_BIT_CONVERSION = YES;
				GCC_WARN_ABOUT_RETURN_TYPE = YES_ERROR;
				GCC_WARN_UNDECLARED_SELECTOR = YES;
				GCC_WARN_UNINITIALIZED_AUTOS = YES_AGGRESSIVE;
				GCC_WARN_UNUSED_FUNCTION = YES;
				GCC_WARN_UNUSED_VARIABLE = YES;
				IPHONEOS_DEPLOYMENT_TARGET = 8.3;
				MTL_ENABLE_DEBUG_INFO = NO;
				SDKROOT = iphoneos;
				VALIDATE_PRODUCT = YES;
			};
			name = Release;
		};
		F5A3B6E81B265A2700ED26F9 /* Debug */ = {
			isa = XCBuildConfiguration;
			buildSettings = {
				ASSETCATALOG_COMPILER_APPICON_NAME = AppIcon;
				INFOPLIST_FILE = Tags/Info.plist;
				LD_RUNPATH_SEARCH_PATHS = "$(inherited) @executable_path/Frameworks";
				PRODUCT_NAME = "$(TARGET_NAME)";
			};
			name = Debug;
		};
		F5A3B6E91B265A2700ED26F9 /* Release */ = {
			isa = XCBuildConfiguration;
			buildSettings = {
				ASSETCATALOG_COMPILER_APPICON_NAME = AppIcon;
				INFOPLIST_FILE = Tags/Info.plist;
				LD_RUNPATH_SEARCH_PATHS = "$(inherited) @executable_path/Frameworks";
				PRODUCT_NAME = "$(TARGET_NAME)";
			};
			name = Release;
		};
		F5A3B6EB1B265A2700ED26F9 /* Debug */ = {
			isa = XCBuildConfiguration;
			buildSettings = {
				BUNDLE_LOADER = "$(TEST_HOST)";
				FRAMEWORK_SEARCH_PATHS = (
					"$(SDKROOT)/Developer/Library/Frameworks",
					"$(inherited)",
				);
				GCC_PREPROCESSOR_DEFINITIONS = (
					"DEBUG=1",
					"$(inherited)",
				);
				INFOPLIST_FILE = TagsTests/Info.plist;
				LD_RUNPATH_SEARCH_PATHS = "$(inherited) @executable_path/Frameworks @loader_path/Frameworks";
				PRODUCT_NAME = "$(TARGET_NAME)";
				TEST_HOST = "$(BUILT_PRODUCTS_DIR)/Tags.app/Tags";
			};
			name = Debug;
		};
		F5A3B6EC1B265A2700ED26F9 /* Release */ = {
			isa = XCBuildConfiguration;
			buildSettings = {
				BUNDLE_LOADER = "$(TEST_HOST)";
				FRAMEWORK_SEARCH_PATHS = (
					"$(SDKROOT)/Developer/Library/Frameworks",
					"$(inherited)",
				);
				INFOPLIST_FILE = TagsTests/Info.plist;
				LD_RUNPATH_SEARCH_PATHS = "$(inherited) @executable_path/Frameworks @loader_path/Frameworks";
				PRODUCT_NAME = "$(TARGET_NAME)";
				TEST_HOST = "$(BUILT_PRODUCTS_DIR)/Tags.app/Tags";
			};
			name = Release;
		};
/* End XCBuildConfiguration section */

/* Begin XCConfigurationList section */
		F5A3B6C31B265A2700ED26F9 /* Build configuration list for PBXProject "Tags" */ = {
			isa = XCConfigurationList;
			buildConfigurations = (
				F5A3B6E51B265A2700ED26F9 /* Debug */,
				F5A3B6E61B265A2700ED26F9 /* Release */,
			);
			defaultConfigurationIsVisible = 0;
			defaultConfigurationName = Release;
		};
		F5A3B6E71B265A2700ED26F9 /* Build configuration list for PBXNativeTarget "Tags" */ = {
			isa = XCConfigurationList;
			buildConfigurations = (
				F5A3B6E81B265A2700ED26F9 /* Debug */,
				F5A3B6E91B265A2700ED26F9 /* Release */,
			);
			defaultConfigurationIsVisible = 0;
			defaultConfigurationName = Release;
		};
		F5A3B6EA1B265A2700ED26F9 /* Build configuration list for PBXNativeTarget "TagsTests" */ = {
			isa = XCConfigurationList;
			buildConfigurations = (
				F5A3B6EB1B265A2700ED26F9 /* Debug */,
				F5A3B6EC1B265A2700ED26F9 /* Release */,
			);
			defaultConfigurationIsVisible = 0;
			defaultConfigurationName = Release;
		};
/* End XCConfigurationList section */
	};
	rootObject = F5A3B6C01B265A2700ED26F9 /* Project object */;
}
